// !$*UTF8*$!
{
	archiveVersion = 1;
	classes = {
	};
	objectVersion = 46;
	objects = {

/* Begin PBXBuildFile section */
		2AB984411AE8359E009E7985 /* AppDelegate.swift in Sources */ = {isa = PBXBuildFile; fileRef = 2AB984401AE8359E009E7985 /* AppDelegate.swift */; };
		2AB984431AE8359E009E7985 /* ViewController.swift in Sources */ = {isa = PBXBuildFile; fileRef = 2AB984421AE8359E009E7985 /* ViewController.swift */; };
		2AB984461AE8359E009E7985 /* Main.storyboard in Resources */ = {isa = PBXBuildFile; fileRef = 2AB984441AE8359E009E7985 /* Main.storyboard */; };
		2AB984481AE8359E009E7985 /* Images.xcassets in Resources */ = {isa = PBXBuildFile; fileRef = 2AB984471AE8359E009E7985 /* Images.xcassets */; };
		2AB9844B1AE8359E009E7985 /* LaunchScreen.xib in Resources */ = {isa = PBXBuildFile; fileRef = 2AB984491AE8359E009E7985 /* LaunchScreen.xib */; };
		2AB984571AE8359E009E7985 /* ExampleTests.swift in Sources */ = {isa = PBXBuildFile; fileRef = 2AB984561AE8359E009E7985 /* ExampleTests.swift */; };
		2AB984681AE835CE009E7985 /* Puppet.h in Headers */ = {isa = PBXBuildFile; fileRef = 2AB984671AE835CE009E7985 /* Puppet.h */; settings = {ATTRIBUTES = (Public, ); }; };
		2AB9846E1AE835CE009E7985 /* Puppet.framework in Frameworks */ = {isa = PBXBuildFile; fileRef = 2AB984631AE835CE009E7985 /* Puppet.framework */; };
		2AB984771AE835CE009E7985 /* PuppetTests.swift in Sources */ = {isa = PBXBuildFile; fileRef = 2AB984761AE835CE009E7985 /* PuppetTests.swift */; };
		2AB9847A1AE835CE009E7985 /* Puppet.framework in Frameworks */ = {isa = PBXBuildFile; fileRef = 2AB984631AE835CE009E7985 /* Puppet.framework */; };
		2AB9847B1AE835CE009E7985 /* Puppet.framework in Embed Frameworks */ = {isa = PBXBuildFile; fileRef = 2AB984631AE835CE009E7985 /* Puppet.framework */; settings = {ATTRIBUTES = (CodeSignOnCopy, RemoveHeadersOnCopy, ); }; };
/* End PBXBuildFile section */

/* Begin PBXContainerItemProxy section */
		2AB984511AE8359E009E7985 /* PBXContainerItemProxy */ = {
			isa = PBXContainerItemProxy;
			containerPortal = 2AB983ED1AE833EC009E7985 /* Project object */;
			proxyType = 1;
			remoteGlobalIDString = 2AB9843B1AE8359E009E7985;
			remoteInfo = Example;
		};
		2AB9846F1AE835CE009E7985 /* PBXContainerItemProxy */ = {
			isa = PBXContainerItemProxy;
			containerPortal = 2AB983ED1AE833EC009E7985 /* Project object */;
			proxyType = 1;
			remoteGlobalIDString = 2AB984621AE835CE009E7985;
			remoteInfo = Puppet;
		};
		2AB984711AE835CE009E7985 /* PBXContainerItemProxy */ = {
			isa = PBXContainerItemProxy;
			containerPortal = 2AB983ED1AE833EC009E7985 /* Project object */;
			proxyType = 1;
			remoteGlobalIDString = 2AB9843B1AE8359E009E7985;
			remoteInfo = Example;
		};
		2AB984781AE835CE009E7985 /* PBXContainerItemProxy */ = {
			isa = PBXContainerItemProxy;
			containerPortal = 2AB983ED1AE833EC009E7985 /* Project object */;
			proxyType = 1;
			remoteGlobalIDString = 2AB984621AE835CE009E7985;
			remoteInfo = Puppet;
		};
/* End PBXContainerItemProxy section */

/* Begin PBXCopyFilesBuildPhase section */
		2AB9847F1AE835CE009E7985 /* Embed Frameworks */ = {
			isa = PBXCopyFilesBuildPhase;
			buildActionMask = 2147483647;
			dstPath = "";
			dstSubfolderSpec = 10;
			files = (
				2AB9847B1AE835CE009E7985 /* Puppet.framework in Embed Frameworks */,
			);
			name = "Embed Frameworks";
			runOnlyForDeploymentPostprocessing = 0;
		};
/* End PBXCopyFilesBuildPhase section */

/* Begin PBXFileReference section */
		2AB9843C1AE8359E009E7985 /* Example.app */ = {isa = PBXFileReference; explicitFileType = wrapper.application; includeInIndex = 0; path = Example.app; sourceTree = BUILT_PRODUCTS_DIR; };
		2AB9843F1AE8359E009E7985 /* Info.plist */ = {isa = PBXFileReference; lastKnownFileType = text.plist.xml; path = Info.plist; sourceTree = "<group>"; };
		2AB984401AE8359E009E7985 /* AppDelegate.swift */ = {isa = PBXFileReference; lastKnownFileType = sourcecode.swift; path = AppDelegate.swift; sourceTree = "<group>"; };
		2AB984421AE8359E009E7985 /* ViewController.swift */ = {isa = PBXFileReference; lastKnownFileType = sourcecode.swift; path = ViewController.swift; sourceTree = "<group>"; };
		2AB984451AE8359E009E7985 /* Base */ = {isa = PBXFileReference; lastKnownFileType = file.storyboard; name = Base; path = Base.lproj/Main.storyboard; sourceTree = "<group>"; };
		2AB984471AE8359E009E7985 /* Images.xcassets */ = {isa = PBXFileReference; lastKnownFileType = folder.assetcatalog; path = Images.xcassets; sourceTree = "<group>"; };
		2AB9844A1AE8359E009E7985 /* Base */ = {isa = PBXFileReference; lastKnownFileType = file.xib; name = Base; path = Base.lproj/LaunchScreen.xib; sourceTree = "<group>"; };
		2AB984501AE8359E009E7985 /* ExampleTests.xctest */ = {isa = PBXFileReference; explicitFileType = wrapper.cfbundle; includeInIndex = 0; path = ExampleTests.xctest; sourceTree = BUILT_PRODUCTS_DIR; };
		2AB984551AE8359E009E7985 /* Info.plist */ = {isa = PBXFileReference; lastKnownFileType = text.plist.xml; path = Info.plist; sourceTree = "<group>"; };
		2AB984561AE8359E009E7985 /* ExampleTests.swift */ = {isa = PBXFileReference; lastKnownFileType = sourcecode.swift; path = ExampleTests.swift; sourceTree = "<group>"; };
		2AB984631AE835CE009E7985 /* Puppet.framework */ = {isa = PBXFileReference; explicitFileType = wrapper.framework; includeInIndex = 0; path = Puppet.framework; sourceTree = BUILT_PRODUCTS_DIR; };
		2AB984661AE835CE009E7985 /* Info.plist */ = {isa = PBXFileReference; lastKnownFileType = text.plist.xml; path = Info.plist; sourceTree = "<group>"; };
		2AB984671AE835CE009E7985 /* Puppet.h */ = {isa = PBXFileReference; lastKnownFileType = sourcecode.c.h; path = Puppet.h; sourceTree = "<group>"; };
		2AB9846D1AE835CE009E7985 /* PuppetTests.xctest */ = {isa = PBXFileReference; explicitFileType = wrapper.cfbundle; includeInIndex = 0; path = PuppetTests.xctest; sourceTree = BUILT_PRODUCTS_DIR; };
		2AB984751AE835CE009E7985 /* Info.plist */ = {isa = PBXFileReference; lastKnownFileType = text.plist.xml; path = Info.plist; sourceTree = "<group>"; };
		2AB984761AE835CE009E7985 /* PuppetTests.swift */ = {isa = PBXFileReference; lastKnownFileType = sourcecode.swift; path = PuppetTests.swift; sourceTree = "<group>"; };
/* End PBXFileReference section */

/* Begin PBXFrameworksBuildPhase section */
		2AB984391AE8359E009E7985 /* Frameworks */ = {
			isa = PBXFrameworksBuildPhase;
			buildActionMask = 2147483647;
			files = (
				2AB9847A1AE835CE009E7985 /* Puppet.framework in Frameworks */,
			);
			runOnlyForDeploymentPostprocessing = 0;
		};
		2AB9844D1AE8359E009E7985 /* Frameworks */ = {
			isa = PBXFrameworksBuildPhase;
			buildActionMask = 2147483647;
			files = (
			);
			runOnlyForDeploymentPostprocessing = 0;
		};
		2AB9845F1AE835CE009E7985 /* Frameworks */ = {
			isa = PBXFrameworksBuildPhase;
			buildActionMask = 2147483647;
			files = (
			);
			runOnlyForDeploymentPostprocessing = 0;
		};
		2AB9846A1AE835CE009E7985 /* Frameworks */ = {
			isa = PBXFrameworksBuildPhase;
			buildActionMask = 2147483647;
			files = (
				2AB9846E1AE835CE009E7985 /* Puppet.framework in Frameworks */,
			);
			runOnlyForDeploymentPostprocessing = 0;
		};
/* End PBXFrameworksBuildPhase section */

/* Begin PBXGroup section */
		2AB983EC1AE833EC009E7985 = {
			isa = PBXGroup;
			children = (
				2AB9843D1AE8359E009E7985 /* Example */,
				2AB984531AE8359E009E7985 /* ExampleTests */,
				2AB984641AE835CE009E7985 /* Puppet */,
				2AB984731AE835CE009E7985 /* PuppetTests */,
				2AB983F61AE833EC009E7985 /* Products */,
			);
			sourceTree = "<group>";
		};
		2AB983F61AE833EC009E7985 /* Products */ = {
			isa = PBXGroup;
			children = (
				2AB9843C1AE8359E009E7985 /* Example.app */,
				2AB984501AE8359E009E7985 /* ExampleTests.xctest */,
				2AB984631AE835CE009E7985 /* Puppet.framework */,
				2AB9846D1AE835CE009E7985 /* PuppetTests.xctest */,
			);
			name = Products;
			sourceTree = "<group>";
		};
		2AB9843D1AE8359E009E7985 /* Example */ = {
			isa = PBXGroup;
			children = (
				2AB984401AE8359E009E7985 /* AppDelegate.swift */,
				2AB984421AE8359E009E7985 /* ViewController.swift */,
				2AB984441AE8359E009E7985 /* Main.storyboard */,
				2AB984471AE8359E009E7985 /* Images.xcassets */,
				2AB984491AE8359E009E7985 /* LaunchScreen.xib */,
				2AB9843E1AE8359E009E7985 /* Supporting Files */,
			);
			path = Example;
			sourceTree = "<group>";
		};
		2AB9843E1AE8359E009E7985 /* Supporting Files */ = {
			isa = PBXGroup;
			children = (
				2AB9843F1AE8359E009E7985 /* Info.plist */,
			);
			name = "Supporting Files";
			sourceTree = "<group>";
		};
		2AB984531AE8359E009E7985 /* ExampleTests */ = {
			isa = PBXGroup;
			children = (
				2AB984561AE8359E009E7985 /* ExampleTests.swift */,
				2AB984541AE8359E009E7985 /* Supporting Files */,
			);
			path = ExampleTests;
			sourceTree = "<group>";
		};
		2AB984541AE8359E009E7985 /* Supporting Files */ = {
			isa = PBXGroup;
			children = (
				2AB984551AE8359E009E7985 /* Info.plist */,
			);
			name = "Supporting Files";
			sourceTree = "<group>";
		};
		2AB984641AE835CE009E7985 /* Puppet */ = {
			isa = PBXGroup;
			children = (
				2AB984671AE835CE009E7985 /* Puppet.h */,
				2AB984651AE835CE009E7985 /* Supporting Files */,
			);
			path = Puppet;
			sourceTree = "<group>";
		};
		2AB984651AE835CE009E7985 /* Supporting Files */ = {
			isa = PBXGroup;
			children = (
				2AB984661AE835CE009E7985 /* Info.plist */,
			);
			name = "Supporting Files";
			sourceTree = "<group>";
		};
		2AB984731AE835CE009E7985 /* PuppetTests */ = {
			isa = PBXGroup;
			children = (
				2AB984761AE835CE009E7985 /* PuppetTests.swift */,
				2AB984741AE835CE009E7985 /* Supporting Files */,
			);
			path = PuppetTests;
			sourceTree = "<group>";
		};
		2AB984741AE835CE009E7985 /* Supporting Files */ = {
			isa = PBXGroup;
			children = (
				2AB984751AE835CE009E7985 /* Info.plist */,
			);
			name = "Supporting Files";
			sourceTree = "<group>";
		};
/* End PBXGroup section */

/* Begin PBXHeadersBuildPhase section */
		2AB984601AE835CE009E7985 /* Headers */ = {
			isa = PBXHeadersBuildPhase;
			buildActionMask = 2147483647;
			files = (
				2AB984681AE835CE009E7985 /* Puppet.h in Headers */,
			);
			runOnlyForDeploymentPostprocessing = 0;
		};
/* End PBXHeadersBuildPhase section */

/* Begin PBXNativeTarget section */
		2AB9843B1AE8359E009E7985 /* Example */ = {
			isa = PBXNativeTarget;
			buildConfigurationList = 2AB984581AE8359E009E7985 /* Build configuration list for PBXNativeTarget "Example" */;
			buildPhases = (
				2AB984381AE8359E009E7985 /* Sources */,
				2AB984391AE8359E009E7985 /* Frameworks */,
				2AB9843A1AE8359E009E7985 /* Resources */,
				2AB9847F1AE835CE009E7985 /* Embed Frameworks */,
			);
			buildRules = (
			);
			dependencies = (
				2AB984791AE835CE009E7985 /* PBXTargetDependency */,
			);
			name = Example;
			productName = Example;
			productReference = 2AB9843C1AE8359E009E7985 /* Example.app */;
			productType = "com.apple.product-type.application";
		};
		2AB9844F1AE8359E009E7985 /* ExampleTests */ = {
			isa = PBXNativeTarget;
			buildConfigurationList = 2AB9845B1AE8359E009E7985 /* Build configuration list for PBXNativeTarget "ExampleTests" */;
			buildPhases = (
				2AB9844C1AE8359E009E7985 /* Sources */,
				2AB9844D1AE8359E009E7985 /* Frameworks */,
				2AB9844E1AE8359E009E7985 /* Resources */,
			);
			buildRules = (
			);
			dependencies = (
				2AB984521AE8359E009E7985 /* PBXTargetDependency */,
			);
			name = ExampleTests;
			productName = ExampleTests;
			productReference = 2AB984501AE8359E009E7985 /* ExampleTests.xctest */;
			productType = "com.apple.product-type.bundle.unit-test";
		};
		2AB984621AE835CE009E7985 /* Puppet */ = {
			isa = PBXNativeTarget;
			buildConfigurationList = 2AB9847C1AE835CE009E7985 /* Build configuration list for PBXNativeTarget "Puppet" */;
			buildPhases = (
				2AB9845E1AE835CE009E7985 /* Sources */,
				2AB9845F1AE835CE009E7985 /* Frameworks */,
				2AB984601AE835CE009E7985 /* Headers */,
				2AB984611AE835CE009E7985 /* Resources */,
			);
			buildRules = (
			);
			dependencies = (
			);
			name = Puppet;
			productName = Puppet;
			productReference = 2AB984631AE835CE009E7985 /* Puppet.framework */;
			productType = "com.apple.product-type.framework";
		};
		2AB9846C1AE835CE009E7985 /* PuppetTests */ = {
			isa = PBXNativeTarget;
			buildConfigurationList = 2AB984801AE835CE009E7985 /* Build configuration list for PBXNativeTarget "PuppetTests" */;
			buildPhases = (
				2AB984691AE835CE009E7985 /* Sources */,
				2AB9846A1AE835CE009E7985 /* Frameworks */,
				2AB9846B1AE835CE009E7985 /* Resources */,
			);
			buildRules = (
			);
			dependencies = (
				2AB984701AE835CE009E7985 /* PBXTargetDependency */,
				2AB984721AE835CE009E7985 /* PBXTargetDependency */,
			);
			name = PuppetTests;
			productName = PuppetTests;
			productReference = 2AB9846D1AE835CE009E7985 /* PuppetTests.xctest */;
			productType = "com.apple.product-type.bundle.unit-test";
		};
/* End PBXNativeTarget section */

/* Begin PBXProject section */
		2AB983ED1AE833EC009E7985 /* Project object */ = {
			isa = PBXProject;
			attributes = {
				LastUpgradeCheck = 0630;
				ORGANIZATIONNAME = Ira;
				TargetAttributes = {
					2AB9843B1AE8359E009E7985 = {
						CreatedOnToolsVersion = 6.3;
					};
					2AB9844F1AE8359E009E7985 = {
						CreatedOnToolsVersion = 6.3;
						TestTargetID = 2AB9843B1AE8359E009E7985;
					};
					2AB984621AE835CE009E7985 = {
						CreatedOnToolsVersion = 6.3;
					};
					2AB9846C1AE835CE009E7985 = {
						CreatedOnToolsVersion = 6.3;
						TestTargetID = 2AB9843B1AE8359E009E7985;
					};
				};
			};
			buildConfigurationList = 2AB983F01AE833EC009E7985 /* Build configuration list for PBXProject "Puppet" */;
			compatibilityVersion = "Xcode 3.2";
			developmentRegion = English;
			hasScannedForEncodings = 0;
			knownRegions = (
				en,
				Base,
			);
			mainGroup = 2AB983EC1AE833EC009E7985;
			productRefGroup = 2AB983F61AE833EC009E7985 /* Products */;
			projectDirPath = "";
			projectRoot = "";
			targets = (
				2AB9843B1AE8359E009E7985 /* Example */,
				2AB9844F1AE8359E009E7985 /* ExampleTests */,
				2AB984621AE835CE009E7985 /* Puppet */,
				2AB9846C1AE835CE009E7985 /* PuppetTests */,
			);
		};
/* End PBXProject section */

/* Begin PBXResourcesBuildPhase section */
		2AB9843A1AE8359E009E7985 /* Resources */ = {
			isa = PBXResourcesBuildPhase;
			buildActionMask = 2147483647;
			files = (
				2AB984461AE8359E009E7985 /* Main.storyboard in Resources */,
				2AB9844B1AE8359E009E7985 /* LaunchScreen.xib in Resources */,
				2AB984481AE8359E009E7985 /* Images.xcassets in Resources */,
			);
			runOnlyForDeploymentPostprocessing = 0;
		};
		2AB9844E1AE8359E009E7985 /* Resources */ = {
			isa = PBXResourcesBuildPhase;
			buildActionMask = 2147483647;
			files = (
			);
			runOnlyForDeploymentPostprocessing = 0;
		};
		2AB984611AE835CE009E7985 /* Resources */ = {
			isa = PBXResourcesBuildPhase;
			buildActionMask = 2147483647;
			files = (
			);
			runOnlyForDeploymentPostprocessing = 0;
		};
		2AB9846B1AE835CE009E7985 /* Resources */ = {
			isa = PBXResourcesBuildPhase;
			buildActionMask = 2147483647;
			files = (
			);
			runOnlyForDeploymentPostprocessing = 0;
		};
/* End PBXResourcesBuildPhase section */

/* Begin PBXSourcesBuildPhase section */
		2AB984381AE8359E009E7985 /* Sources */ = {
			isa = PBXSourcesBuildPhase;
			buildActionMask = 2147483647;
			files = (
				2AB984431AE8359E009E7985 /* ViewController.swift in Sources */,
				2AB984411AE8359E009E7985 /* AppDelegate.swift in Sources */,
			);
			runOnlyForDeploymentPostprocessing = 0;
		};
		2AB9844C1AE8359E009E7985 /* Sources */ = {
			isa = PBXSourcesBuildPhase;
			buildActionMask = 2147483647;
			files = (
				2AB984571AE8359E009E7985 /* ExampleTests.swift in Sources */,
			);
			runOnlyForDeploymentPostprocessing = 0;
		};
		2AB9845E1AE835CE009E7985 /* Sources */ = {
			isa = PBXSourcesBuildPhase;
			buildActionMask = 2147483647;
			files = (
			);
			runOnlyForDeploymentPostprocessing = 0;
		};
		2AB984691AE835CE009E7985 /* Sources */ = {
			isa = PBXSourcesBuildPhase;
			buildActionMask = 2147483647;
			files = (
				2AB984771AE835CE009E7985 /* PuppetTests.swift in Sources */,
			);
			runOnlyForDeploymentPostprocessing = 0;
		};
/* End PBXSourcesBuildPhase section */

/* Begin PBXTargetDependency section */
		2AB984521AE8359E009E7985 /* PBXTargetDependency */ = {
			isa = PBXTargetDependency;
			target = 2AB9843B1AE8359E009E7985 /* Example */;
			targetProxy = 2AB984511AE8359E009E7985 /* PBXContainerItemProxy */;
		};
		2AB984701AE835CE009E7985 /* PBXTargetDependency */ = {
			isa = PBXTargetDependency;
			target = 2AB984621AE835CE009E7985 /* Puppet */;
			targetProxy = 2AB9846F1AE835CE009E7985 /* PBXContainerItemProxy */;
		};
		2AB984721AE835CE009E7985 /* PBXTargetDependency */ = {
			isa = PBXTargetDependency;
			target = 2AB9843B1AE8359E009E7985 /* Example */;
			targetProxy = 2AB984711AE835CE009E7985 /* PBXContainerItemProxy */;
		};
		2AB984791AE835CE009E7985 /* PBXTargetDependency */ = {
			isa = PBXTargetDependency;
			target = 2AB984621AE835CE009E7985 /* Puppet */;
			targetProxy = 2AB984781AE835CE009E7985 /* PBXContainerItemProxy */;
		};
/* End PBXTargetDependency section */

/* Begin PBXVariantGroup section */
		2AB984441AE8359E009E7985 /* Main.storyboard */ = {
			isa = PBXVariantGroup;
			children = (
				2AB984451AE8359E009E7985 /* Base */,
			);
			name = Main.storyboard;
			sourceTree = "<group>";
		};
		2AB984491AE8359E009E7985 /* LaunchScreen.xib */ = {
			isa = PBXVariantGroup;
			children = (
				2AB9844A1AE8359E009E7985 /* Base */,
			);
			name = LaunchScreen.xib;
			sourceTree = "<group>";
		};
/* End PBXVariantGroup section */

/* Begin XCBuildConfiguration section */
		2AB984121AE833EC009E7985 /* Debug */ = {
			isa = XCBuildConfiguration;
			buildSettings = {
				ALWAYS_SEARCH_USER_PATHS = NO;
				CLANG_CXX_LANGUAGE_STANDARD = "gnu++0x";
				CLANG_CXX_LIBRARY = "libc++";
				CLANG_ENABLE_MODULES = YES;
				CLANG_ENABLE_OBJC_ARC = YES;
				CLANG_WARN_BOOL_CONVERSION = YES;
				CLANG_WARN_CONSTANT_CONVERSION = YES;
				CLANG_WARN_DIRECT_OBJC_ISA_USAGE = YES_ERROR;
				CLANG_WARN_EMPTY_BODY = YES;
				CLANG_WARN_ENUM_CONVERSION = YES;
				CLANG_WARN_INT_CONVERSION = YES;
				CLANG_WARN_OBJC_ROOT_CLASS = YES_ERROR;
				CLANG_WARN_UNREACHABLE_CODE = YES;
				CLANG_WARN__DUPLICATE_METHOD_MATCH = YES;
				"CODE_SIGN_IDENTITY[sdk=iphoneos*]" = "iPhone Developer";
				COPY_PHASE_STRIP = NO;
				DEBUG_INFORMATION_FORMAT = "dwarf-with-dsym";
				ENABLE_STRICT_OBJC_MSGSEND = YES;
				GCC_C_LANGUAGE_STANDARD = gnu99;
				GCC_DYNAMIC_NO_PIC = NO;
				GCC_NO_COMMON_BLOCKS = YES;
				GCC_OPTIMIZATION_LEVEL = 0;
				GCC_PREPROCESSOR_DEFINITIONS = (
					"DEBUG=1",
					"$(inherited)",
				);
				GCC_SYMBOLS_PRIVATE_EXTERN = NO;
				GCC_WARN_64_TO_32_BIT_CONVERSION = YES;
				GCC_WARN_ABOUT_RETURN_TYPE = YES_ERROR;
				GCC_WARN_UNDECLARED_SELECTOR = YES;
				GCC_WARN_UNINITIALIZED_AUTOS = YES_AGGRESSIVE;
				GCC_WARN_UNUSED_FUNCTION = YES;
				GCC_WARN_UNUSED_VARIABLE = YES;
				IPHONEOS_DEPLOYMENT_TARGET = 8.3;
				MTL_ENABLE_DEBUG_INFO = YES;
				ONLY_ACTIVE_ARCH = YES;
				SDKROOT = iphoneos;
				SWIFT_OPTIMIZATION_LEVEL = "-Onone";
				TARGETED_DEVICE_FAMILY = "1,2";
			};
			name = Debug;
		};
		2AB984131AE833EC009E7985 /* Release */ = {
			isa = XCBuildConfiguration;
			buildSettings = {
				ALWAYS_SEARCH_USER_PATHS = NO;
				CLANG_CXX_LANGUAGE_STANDARD = "gnu++0x";
				CLANG_CXX_LIBRARY = "libc++";
				CLANG_ENABLE_MODULES = YES;
				CLANG_ENABLE_OBJC_ARC = YES;
				CLANG_WARN_BOOL_CONVERSION = YES;
				CLANG_WARN_CONSTANT_CONVERSION = YES;
				CLANG_WARN_DIRECT_OBJC_ISA_USAGE = YES_ERROR;
				CLANG_WARN_EMPTY_BODY = YES;
				CLANG_WARN_ENUM_CONVERSION = YES;
				CLANG_WARN_INT_CONVERSION = YES;
				CLANG_WARN_OBJC_ROOT_CLASS = YES_ERROR;
				CLANG_WARN_UNREACHABLE_CODE = YES;
				CLANG_WARN__DUPLICATE_METHOD_MATCH = YES;
				"CODE_SIGN_IDENTITY[sdk=iphoneos*]" = "iPhone Developer";
				COPY_PHASE_STRIP = NO;
				DEBUG_INFORMATION_FORMAT = "dwarf-with-dsym";
				ENABLE_NS_ASSERTIONS = NO;
				ENABLE_STRICT_OBJC_MSGSEND = YES;
				GCC_C_LANGUAGE_STANDARD = gnu99;
				GCC_NO_COMMON_BLOCKS = YES;
				GCC_WARN_64_TO_32_BIT_CONVERSION = YES;
				GCC_WARN_ABOUT_RETURN_TYPE = YES_ERROR;
				GCC_WARN_UNDECLARED_SELECTOR = YES;
				GCC_WARN_UNINITIALIZED_AUTOS = YES_AGGRESSIVE;
				GCC_WARN_UNUSED_FUNCTION = YES;
				GCC_WARN_UNUSED_VARIABLE = YES;
				IPHONEOS_DEPLOYMENT_TARGET = 8.3;
				MTL_ENABLE_DEBUG_INFO = NO;
				SDKROOT = iphoneos;
				TARGETED_DEVICE_FAMILY = "1,2";
				VALIDATE_PRODUCT = YES;
			};
			name = Release;
		};
		2AB984591AE8359E009E7985 /* Debug */ = {
			isa = XCBuildConfiguration;
			buildSettings = {
				ASSETCATALOG_COMPILER_APPICON_NAME = AppIcon;
				GCC_PREPROCESSOR_DEFINITIONS = (
					"DEBUG=1",
					"$(inherited)",
				);
				INFOPLIST_FILE = Example/Info.plist;
				LD_RUNPATH_SEARCH_PATHS = "$(inherited) @executable_path/Frameworks";
				PRODUCT_NAME = "$(TARGET_NAME)";
			};
			name = Debug;
		};
		2AB9845A1AE8359E009E7985 /* Release */ = {
			isa = XCBuildConfiguration;
			buildSettings = {
				ASSETCATALOG_COMPILER_APPICON_NAME = AppIcon;
				INFOPLIST_FILE = Example/Info.plist;
				LD_RUNPATH_SEARCH_PATHS = "$(inherited) @executable_path/Frameworks";
				PRODUCT_NAME = "$(TARGET_NAME)";
			};
			name = Release;
		};
		2AB9845C1AE8359E009E7985 /* Debug */ = {
			isa = XCBuildConfiguration;
			buildSettings = {
				BUNDLE_LOADER = "$(TEST_HOST)";
				FRAMEWORK_SEARCH_PATHS = (
					"$(SDKROOT)/Developer/Library/Frameworks",
					"$(inherited)",
				);
				GCC_PREPROCESSOR_DEFINITIONS = (
					"DEBUG=1",
					"$(inherited)",
				);
				INFOPLIST_FILE = ExampleTests/Info.plist;
				LD_RUNPATH_SEARCH_PATHS = "$(inherited) @executable_path/Frameworks @loader_path/Frameworks";
				PRODUCT_NAME = "$(TARGET_NAME)";
				TEST_HOST = "$(BUILT_PRODUCTS_DIR)/Example.app/Example";
			};
			name = Debug;
		};
		2AB9845D1AE8359E009E7985 /* Release */ = {
			isa = XCBuildConfiguration;
			buildSettings = {
				BUNDLE_LOADER = "$(TEST_HOST)";
				FRAMEWORK_SEARCH_PATHS = (
					"$(SDKROOT)/Developer/Library/Frameworks",
					"$(inherited)",
				);
				INFOPLIST_FILE = ExampleTests/Info.plist;
				LD_RUNPATH_SEARCH_PATHS = "$(inherited) @executable_path/Frameworks @loader_path/Frameworks";
				PRODUCT_NAME = "$(TARGET_NAME)";
				TEST_HOST = "$(BUILT_PRODUCTS_DIR)/Example.app/Example";
			};
			name = Release;
		};
		2AB9847D1AE835CE009E7985 /* Debug */ = {
			isa = XCBuildConfiguration;
			buildSettings = {
				CURRENT_PROJECT_VERSION = 1;
				DEFINES_MODULE = YES;
				DYLIB_COMPATIBILITY_VERSION = 1;
				DYLIB_CURRENT_VERSION = 1;
				DYLIB_INSTALL_NAME_BASE = "@rpath";
				GCC_PREPROCESSOR_DEFINITIONS = (
					"DEBUG=1",
					"$(inherited)",
				);
				INFOPLIST_FILE = Puppet/Info.plist;
				INSTALL_PATH = "$(LOCAL_LIBRARY_DIR)/Frameworks";
				LD_RUNPATH_SEARCH_PATHS = "$(inherited) @executable_path/Frameworks @loader_path/Frameworks";
				PRODUCT_NAME = "$(TARGET_NAME)";
				SKIP_INSTALL = YES;
				VERSIONING_SYSTEM = "apple-generic";
				VERSION_INFO_PREFIX = "";
			};
			name = Debug;
		};
		2AB9847E1AE835CE009E7985 /* Release */ = {
			isa = XCBuildConfiguration;
			buildSettings = {
				CURRENT_PROJECT_VERSION = 1;
				DEFINES_MODULE = YES;
				DYLIB_COMPATIBILITY_VERSION = 1;
				DYLIB_CURRENT_VERSION = 1;
				DYLIB_INSTALL_NAME_BASE = "@rpath";
				INFOPLIST_FILE = Puppet/Info.plist;
				INSTALL_PATH = "$(LOCAL_LIBRARY_DIR)/Frameworks";
				LD_RUNPATH_SEARCH_PATHS = "$(inherited) @executable_path/Frameworks @loader_path/Frameworks";
				PRODUCT_NAME = "$(TARGET_NAME)";
				SKIP_INSTALL = YES;
				VERSIONING_SYSTEM = "apple-generic";
				VERSION_INFO_PREFIX = "";
			};
			name = Release;
		};
		2AB984811AE835CE009E7985 /* Debug */ = {
			isa = XCBuildConfiguration;
			buildSettings = {
				FRAMEWORK_SEARCH_PATHS = (
					"$(SDKROOT)/Developer/Library/Frameworks",
					"$(inherited)",
				);
				GCC_PREPROCESSOR_DEFINITIONS = (
					"DEBUG=1",
					"$(inherited)",
				);
				INFOPLIST_FILE = PuppetTests/Info.plist;
				LD_RUNPATH_SEARCH_PATHS = "$(inherited) @executable_path/Frameworks @loader_path/Frameworks";
				PRODUCT_NAME = "$(TARGET_NAME)";
				TEST_HOST = "$(BUILT_PRODUCTS_DIR)/Example.app/Example";
			};
			name = Debug;
		};
		2AB984821AE835CE009E7985 /* Release */ = {
			isa = XCBuildConfiguration;
			buildSettings = {
				FRAMEWORK_SEARCH_PATHS = (
					"$(SDKROOT)/Developer/Library/Frameworks",
					"$(inherited)",
				);
				INFOPLIST_FILE = PuppetTests/Info.plist;
				LD_RUNPATH_SEARCH_PATHS = "$(inherited) @executable_path/Frameworks @loader_path/Frameworks";
				PRODUCT_NAME = "$(TARGET_NAME)";
				TEST_HOST = "$(BUILT_PRODUCTS_DIR)/Example.app/Example";
			};
			name = Release;
		};
/* End XCBuildConfiguration section */

/* Begin XCConfigurationList section */
		2AB983F01AE833EC009E7985 /* Build configuration list for PBXProject "Puppet" */ = {
			isa = XCConfigurationList;
			buildConfigurations = (
				2AB984121AE833EC009E7985 /* Debug */,
				2AB984131AE833EC009E7985 /* Release */,
			);
			defaultConfigurationIsVisible = 0;
			defaultConfigurationName = Release;
		};
		2AB984581AE8359E009E7985 /* Build configuration list for PBXNativeTarget "Example" */ = {
			isa = XCConfigurationList;
			buildConfigurations = (
				2AB984591AE8359E009E7985 /* Debug */,
				2AB9845A1AE8359E009E7985 /* Release */,
			);
			defaultConfigurationIsVisible = 0;
		};
		2AB9845B1AE8359E009E7985 /* Build configuration list for PBXNativeTarget "ExampleTests" */ = {
			isa = XCConfigurationList;
			buildConfigurations = (
				2AB9845C1AE8359E009E7985 /* Debug */,
				2AB9845D1AE8359E009E7985 /* Release */,
			);
			defaultConfigurationIsVisible = 0;
		};
		2AB9847C1AE835CE009E7985 /* Build configuration list for PBXNativeTarget "Puppet" */ = {
			isa = XCConfigurationList;
			buildConfigurations = (
				2AB9847D1AE835CE009E7985 /* Debug */,
				2AB9847E1AE835CE009E7985 /* Release */,
			);
			defaultConfigurationIsVisible = 0;
		};
		2AB984801AE835CE009E7985 /* Build configuration list for PBXNativeTarget "PuppetTests" */ = {
			isa = XCConfigurationList;
			buildConfigurations = (
				2AB984811AE835CE009E7985 /* Debug */,
				2AB984821AE835CE009E7985 /* Release */,
			);
			defaultConfigurationIsVisible = 0;
		};
/* End XCConfigurationList section */
	};
	rootObject = 2AB983ED1AE833EC009E7985 /* Project object */;
}
